
Microsoft Visual Studio Solution File, Format Version 12.00
# Visual Studio 15
VisualStudioVersion = 15.0.28307.136
MinimumVisualStudioVersion = 10.0.40219.1
Project("{FAE04EC0-301F-11D3-BF4B-00C04F79EFBC}") = "WpfGitMikko", "WpfGitMikko\WpfGitMikko.csproj", "{B619D043-6550-4067-9C4E-C656593B73DE}"
EndProject
Global
	GlobalSection(SolutionConfigurationPlatforms) = preSolution
		Debug|Any CPU = Debug|Any CPU
		Release|Any CPU = Release|Any CPU
	EndGlobalSection
	GlobalSection(ProjectConfigurationPlatforms) = postSolution
		{B619D043-6550-4067-9C4E-C656593B73DE}.Debug|Any CPU.ActiveCfg = Debug|Any CPU
		{B619D043-6550-4067-9C4E-C656593B73DE}.Debug|Any CPU.Build.0 = Debug|Any CPU
		{B619D043-6550-4067-9C4E-C656593B73DE}.Release|Any CPU.ActiveCfg = Release|Any CPU
		{B619D043-6550-4067-9C4E-C656593B73DE}.Release|Any CPU.Build.0 = Release|Any CPU
	EndGlobalSection
	GlobalSection(SolutionProperties) = preSolution
		HideSolutionNode = FALSE
	EndGlobalSection
	GlobalSection(ExtensibilityGlobals) = postSolution
		SolutionGuid = {115B43DF-A6FC-4E3E-99AD-F96DF011AED8}
	EndGlobalSection
EndGlobal
